// !$*UTF8*$!
{
	archiveVersion = 1;
	classes = {
	};
	objectVersion = 46;
	objects = {

/* Begin PBXAggregateTarget section */
		AA2C7CE314EBE3CC00856729 /* Disk Image */ = {
			isa = PBXAggregateTarget;
			buildConfigurationList = AA2C7CE414EBE3CD00856729 /* Build configuration list for PBXAggregateTarget "Disk Image" */;
			buildPhases = (
				AA2C7CE714EBE3D400856729 /* ShellScript */,
			);
			dependencies = (
				AA2C7CE914EBE40000856729 /* PBXTargetDependency */,
			);
			name = "Disk Image";
			productName = "Disk Image";
		};
/* End PBXAggregateTarget section */

/* Begin PBXBuildFile section */
		AA2B1BE314D262FD00FB6ECB /* BMDDIST.TXT in Resources */ = {isa = PBXBuildFile; fileRef = AA2B1BDA14D262FD00FB6ECB /* BMDDIST.TXT */; };
		AA2B1BE414D262FD00FB6ECB /* BMDDIST2.TXT in Resources */ = {isa = PBXBuildFile; fileRef = AA2B1BDB14D262FD00FB6ECB /* BMDDIST2.TXT */; };
		AA2B1BE514D262FD00FB6ECB /* BMDNAME.TXT in Resources */ = {isa = PBXBuildFile; fileRef = AA2B1BDC14D262FD00FB6ECB /* BMDNAME.TXT */; };
		AA2B1BE714D262FD00FB6ECB /* BMDDISTOLD.TXT in Resources */ = {isa = PBXBuildFile; fileRef = AA2B1BDF14D262FD00FB6ECB /* BMDDISTOLD.TXT */; };
		AA2B1BE814D262FD00FB6ECB /* BMDDIST2OLD.TXT in Resources */ = {isa = PBXBuildFile; fileRef = AA2B1BE014D262FD00FB6ECB /* BMDDIST2OLD.TXT */; };
		AA2B1BEA14D262FD00FB6ECB /* BMDNAMEOLD.TXT in Resources */ = {isa = PBXBuildFile; fileRef = AA2B1BE214D262FD00FB6ECB /* BMDNAMEOLD.TXT */; };
		AA2C7CDD14EBD3E600856729 /* Rakefile in Resources */ = {isa = PBXBuildFile; fileRef = AA2C7CDC14EBD3E600856729 /* Rakefile */; };
		AA2C7CE014EBD4CF00856729 /* Gemfile in Resources */ = {isa = PBXBuildFile; fileRef = AA2C7CDF14EBD4CF00856729 /* Gemfile */; };
		AA2C7CE214EBE3B300856729 /* icon.png in Resources */ = {isa = PBXBuildFile; fileRef = AA2C7CE114EBE3B300856729 /* icon.png */; };
		AA2C7CEB14EBE57800856729 /* iconPack.icns in Resources */ = {isa = PBXBuildFile; fileRef = AA2C7CEA14EBE57800856729 /* iconPack.icns */; };
		AA8DE5F814EBE9CC00C46806 /* BMD-X.dmg in Resources */ = {isa = PBXBuildFile; fileRef = AA8DE5F714EBE9CC00C46806 /* BMD-X.dmg */; };
		AAC94DAA14C6EE0200407CF4 /* Cocoa.framework in Frameworks */ = {isa = PBXBuildFile; fileRef = AAC94DA914C6EE0200407CF4 /* Cocoa.framework */; };
		AAC94DB414C6EE0200407CF4 /* InfoPlist.strings in Resources */ = {isa = PBXBuildFile; fileRef = AAC94DB214C6EE0200407CF4 /* InfoPlist.strings */; };
		AAC94DB714C6EE0200407CF4 /* main.m in Sources */ = {isa = PBXBuildFile; fileRef = AAC94DB614C6EE0200407CF4 /* main.m */; };
		AAC94DBA14C6EE0200407CF4 /* Credits.rtf in Resources */ = {isa = PBXBuildFile; fileRef = AAC94DB814C6EE0200407CF4 /* Credits.rtf */; };
		AAC94DBD14C6EE0200407CF4 /* BMDDocument.m in Sources */ = {isa = PBXBuildFile; fileRef = AAC94DBC14C6EE0200407CF4 /* BMDDocument.m */; };
		AAC94DC014C6EE0200407CF4 /* BMDDocument.xib in Resources */ = {isa = PBXBuildFile; fileRef = AAC94DBE14C6EE0200407CF4 /* BMDDocument.xib */; };
		AAC94DC314C6EE0200407CF4 /* MainMenu.xib in Resources */ = {isa = PBXBuildFile; fileRef = AAC94DC114C6EE0200407CF4 /* MainMenu.xib */; };
		AAF3D28214EACB5E001DB689 /* SpoiledTextField.m in Sources */ = {isa = PBXBuildFile; fileRef = AAF3D28114EACB5E001DB689 /* SpoiledTextField.m */; };
		AAF3D29814EB67F8001DB689 /* NoSpaceTextField.m in Sources */ = {isa = PBXBuildFile; fileRef = AAF3D29714EB67F8001DB689 /* NoSpaceTextField.m */; };
/* End PBXBuildFile section */

/* Begin PBXContainerItemProxy section */
		AA2C7CE814EBE40000856729 /* PBXContainerItemProxy */ = {
			isa = PBXContainerItemProxy;
			containerPortal = AAC94D9C14C6EE0200407CF4 /* Project object */;
			proxyType = 1;
			remoteGlobalIDString = AAC94DA414C6EE0200407CF4;
			remoteInfo = "BMD-X";
		};
/* End PBXContainerItemProxy section */

/* Begin PBXFileReference section */
		AA2B1BDA14D262FD00FB6ECB /* BMDDIST.TXT */ = {isa = PBXFileReference; fileEncoding = 4; lastKnownFileType = text; path = BMDDIST.TXT; sourceTree = "<group>"; };
		AA2B1BDB14D262FD00FB6ECB /* BMDDIST2.TXT */ = {isa = PBXFileReference; fileEncoding = 4; lastKnownFileType = text; path = BMDDIST2.TXT; sourceTree = "<group>"; };
		AA2B1BDC14D262FD00FB6ECB /* BMDNAME.TXT */ = {isa = PBXFileReference; fileEncoding = 4; lastKnownFileType = text; path = BMDNAME.TXT; sourceTree = "<group>"; };
		AA2B1BDF14D262FD00FB6ECB /* BMDDISTOLD.TXT */ = {isa = PBXFileReference; fileEncoding = 4; lastKnownFileType = text; path = BMDDISTOLD.TXT; sourceTree = "<group>"; };
		AA2B1BE014D262FD00FB6ECB /* BMDDIST2OLD.TXT */ = {isa = PBXFileReference; fileEncoding = 4; lastKnownFileType = text; path = BMDDIST2OLD.TXT; sourceTree = "<group>"; };
		AA2B1BE214D262FD00FB6ECB /* BMDNAMEOLD.TXT */ = {isa = PBXFileReference; fileEncoding = 4; lastKnownFileType = text; path = BMDNAMEOLD.TXT; sourceTree = "<group>"; };
		AA2C7CDC14EBD3E600856729 /* Rakefile */ = {isa = PBXFileReference; fileEncoding = 4; lastKnownFileType = text; path = Rakefile; sourceTree = SOURCE_ROOT; };
		AA2C7CDF14EBD4CF00856729 /* Gemfile */ = {isa = PBXFileReference; fileEncoding = 4; lastKnownFileType = text; path = Gemfile; sourceTree = SOURCE_ROOT; };
		AA2C7CE114EBE3B300856729 /* icon.png */ = {isa = PBXFileReference; lastKnownFileType = image.png; path = icon.png; sourceTree = "<group>"; };
		AA2C7CEA14EBE57800856729 /* iconPack.icns */ = {isa = PBXFileReference; lastKnownFileType = image.icns; path = iconPack.icns; sourceTree = "<group>"; };
		AA8DE5F714EBE9CC00C46806 /* BMD-X.dmg */ = {isa = PBXFileReference; lastKnownFileType = file; path = "BMD-X.dmg"; sourceTree = "<group>"; };
		AAC94DA514C6EE0200407CF4 /* BMD-X.app */ = {isa = PBXFileReference; explicitFileType = wrapper.application; includeInIndex = 0; path = "BMD-X.app"; sourceTree = BUILT_PRODUCTS_DIR; };
		AAC94DA914C6EE0200407CF4 /* Cocoa.framework */ = {isa = PBXFileReference; lastKnownFileType = wrapper.framework; name = Cocoa.framework; path = System/Library/Frameworks/Cocoa.framework; sourceTree = SDKROOT; };
		AAC94DAC14C6EE0200407CF4 /* AppKit.framework */ = {isa = PBXFileReference; lastKnownFileType = wrapper.framework; name = AppKit.framework; path = System/Library/Frameworks/AppKit.framework; sourceTree = SDKROOT; };
		AAC94DAD14C6EE0200407CF4 /* CoreData.framework */ = {isa = PBXFileReference; lastKnownFileType = wrapper.framework; name = CoreData.framework; path = System/Library/Frameworks/CoreData.framework; sourceTree = SDKROOT; };
		AAC94DAE14C6EE0200407CF4 /* Foundation.framework */ = {isa = PBXFileReference; lastKnownFileType = wrapper.framework; name = Foundation.framework; path = System/Library/Frameworks/Foundation.framework; sourceTree = SDKROOT; };
		AAC94DB114C6EE0200407CF4 /* BMD-X-Info.plist */ = {isa = PBXFileReference; lastKnownFileType = text.plist.xml; path = "BMD-X-Info.plist"; sourceTree = "<group>"; };
		AAC94DB314C6EE0200407CF4 /* en */ = {isa = PBXFileReference; lastKnownFileType = text.plist.strings; name = en; path = en.lproj/InfoPlist.strings; sourceTree = "<group>"; };
		AAC94DB514C6EE0200407CF4 /* BMD-X-Prefix.pch */ = {isa = PBXFileReference; lastKnownFileType = sourcecode.c.h; path = "BMD-X-Prefix.pch"; sourceTree = "<group>"; };
		AAC94DB614C6EE0200407CF4 /* main.m */ = {isa = PBXFileReference; lastKnownFileType = sourcecode.c.objc; path = main.m; sourceTree = "<group>"; };
		AAC94DB914C6EE0200407CF4 /* en */ = {isa = PBXFileReference; lastKnownFileType = text.rtf; name = en; path = en.lproj/Credits.rtf; sourceTree = "<group>"; };
		AAC94DBB14C6EE0200407CF4 /* BMDDocument.h */ = {isa = PBXFileReference; lastKnownFileType = sourcecode.c.h; path = BMDDocument.h; sourceTree = "<group>"; };
		AAC94DBC14C6EE0200407CF4 /* BMDDocument.m */ = {isa = PBXFileReference; lastKnownFileType = sourcecode.c.objc; path = BMDDocument.m; sourceTree = "<group>"; };
		AAC94DBF14C6EE0200407CF4 /* en */ = {isa = PBXFileReference; lastKnownFileType = file.xib; name = en; path = en.lproj/BMDDocument.xib; sourceTree = "<group>"; };
		AAC94DC214C6EE0200407CF4 /* en */ = {isa = PBXFileReference; lastKnownFileType = file.xib; name = en; path = en.lproj/MainMenu.xib; sourceTree = "<group>"; };
		AAF3D28014EACB5E001DB689 /* SpoiledTextField.h */ = {isa = PBXFileReference; fileEncoding = 4; lastKnownFileType = sourcecode.c.h; path = SpoiledTextField.h; sourceTree = "<group>"; };
		AAF3D28114EACB5E001DB689 /* SpoiledTextField.m */ = {isa = PBXFileReference; fileEncoding = 4; lastKnownFileType = sourcecode.c.objc; path = SpoiledTextField.m; sourceTree = "<group>"; };
		AAF3D29614EB67F8001DB689 /* NoSpaceTextField.h */ = {isa = PBXFileReference; fileEncoding = 4; lastKnownFileType = sourcecode.c.h; path = NoSpaceTextField.h; sourceTree = "<group>"; };
		AAF3D29714EB67F8001DB689 /* NoSpaceTextField.m */ = {isa = PBXFileReference; fileEncoding = 4; lastKnownFileType = sourcecode.c.objc; path = NoSpaceTextField.m; sourceTree = "<group>"; };
/* End PBXFileReference section */

/* Begin PBXFrameworksBuildPhase section */
		AAC94DA214C6EE0200407CF4 /* Frameworks */ = {
			isa = PBXFrameworksBuildPhase;
			buildActionMask = 2147483647;
			files = (
				AAC94DAA14C6EE0200407CF4 /* Cocoa.framework in Frameworks */,
			);
			runOnlyForDeploymentPostprocessing = 0;
		};
/* End PBXFrameworksBuildPhase section */

/* Begin PBXGroup section */
		AA2B1BD914D262FD00FB6ECB /* MacBMD Data */ = {
			isa = PBXGroup;
			children = (
				AA2B1BDA14D262FD00FB6ECB /* BMDDIST.TXT */,
				AA2B1BDB14D262FD00FB6ECB /* BMDDIST2.TXT */,
				AA2B1BDC14D262FD00FB6ECB /* BMDNAME.TXT */,
				AA2B1BDE14D262FD00FB6ECB /* old */,
			);
			path = "MacBMD Data";
			sourceTree = "<group>";
		};
		AA2B1BDE14D262FD00FB6ECB /* old */ = {
			isa = PBXGroup;
			children = (
				AA2B1BDF14D262FD00FB6ECB /* BMDDISTOLD.TXT */,
				AA2B1BE014D262FD00FB6ECB /* BMDDIST2OLD.TXT */,
				AA2B1BE214D262FD00FB6ECB /* BMDNAMEOLD.TXT */,
			);
			path = old;
			sourceTree = "<group>";
		};
		AA8DE5F514EBE9CC00C46806 /* appcast */ = {
			isa = PBXGroup;
			children = (
				AA8DE5F614EBE9CC00C46806 /* build */,
			);
			path = appcast;
			sourceTree = SOURCE_ROOT;
		};
		AA8DE5F614EBE9CC00C46806 /* build */ = {
			isa = PBXGroup;
			children = (
				AA8DE5F714EBE9CC00C46806 /* BMD-X.dmg */,
			);
			path = build;
			sourceTree = "<group>";
		};
		AAC94D9A14C6EE0200407CF4 = {
			isa = PBXGroup;
			children = (
				AA2C7CEA14EBE57800856729 /* iconPack.icns */,
				AA2C7CE114EBE3B300856729 /* icon.png */,
				AAC94DAF14C6EE0200407CF4 /* BMD-X */,
				AAC94DA814C6EE0200407CF4 /* Frameworks */,
				AAC94DA614C6EE0200407CF4 /* Products */,
			);
			sourceTree = "<group>";
		};
		AAC94DA614C6EE0200407CF4 /* Products */ = {
			isa = PBXGroup;
			children = (
				AAC94DA514C6EE0200407CF4 /* BMD-X.app */,
			);
			name = Products;
			sourceTree = "<group>";
		};
		AAC94DA814C6EE0200407CF4 /* Frameworks */ = {
			isa = PBXGroup;
			children = (
				AAC94DA914C6EE0200407CF4 /* Cocoa.framework */,
				AAC94DAB14C6EE0200407CF4 /* Other Frameworks */,
			);
			name = Frameworks;
			sourceTree = "<group>";
		};
		AAC94DAB14C6EE0200407CF4 /* Other Frameworks */ = {
			isa = PBXGroup;
			children = (
				AAC94DAC14C6EE0200407CF4 /* AppKit.framework */,
				AAC94DAD14C6EE0200407CF4 /* CoreData.framework */,
				AAC94DAE14C6EE0200407CF4 /* Foundation.framework */,
			);
			name = "Other Frameworks";
			sourceTree = "<group>";
		};
		AAC94DAF14C6EE0200407CF4 /* BMD-X */ = {
			isa = PBXGroup;
			children = (
				AAC94DBB14C6EE0200407CF4 /* BMDDocument.h */,
				AAC94DBC14C6EE0200407CF4 /* BMDDocument.m */,
				AAC94DBE14C6EE0200407CF4 /* BMDDocument.xib */,
				AAC94DC114C6EE0200407CF4 /* MainMenu.xib */,
				AAC94DB014C6EE0200407CF4 /* Supporting Files */,
			);
			path = "BMD-X";
			sourceTree = "<group>";
		};
		AAC94DB014C6EE0200407CF4 /* Supporting Files */ = {
			isa = PBXGroup;
			children = (
				AA8DE5F514EBE9CC00C46806 /* appcast */,
				AA2C7CDC14EBD3E600856729 /* Rakefile */,
				AA2C7CDF14EBD4CF00856729 /* Gemfile */,
				AA2B1BD914D262FD00FB6ECB /* MacBMD Data */,
				AAC94DB114C6EE0200407CF4 /* BMD-X-Info.plist */,
				AAC94DB214C6EE0200407CF4 /* InfoPlist.strings */,
				AAC94DB514C6EE0200407CF4 /* BMD-X-Prefix.pch */,
				AAC94DB614C6EE0200407CF4 /* main.m */,
				AAF3D28014EACB5E001DB689 /* SpoiledTextField.h */,
				AAF3D29614EB67F8001DB689 /* NoSpaceTextField.h */,
				AAF3D29714EB67F8001DB689 /* NoSpaceTextField.m */,
				AAF3D28114EACB5E001DB689 /* SpoiledTextField.m */,
				AAC94DB814C6EE0200407CF4 /* Credits.rtf */,
			);
			name = "Supporting Files";
			sourceTree = "<group>";
		};
/* End PBXGroup section */

/* Begin PBXNativeTarget section */
		AAC94DA414C6EE0200407CF4 /* BMD-X */ = {
			isa = PBXNativeTarget;
			buildConfigurationList = AAC94DC614C6EE0200407CF4 /* Build configuration list for PBXNativeTarget "BMD-X" */;
			buildPhases = (
				AAC94DA114C6EE0200407CF4 /* Sources */,
				AAC94DA214C6EE0200407CF4 /* Frameworks */,
				AAC94DA314C6EE0200407CF4 /* Resources */,
			);
			buildRules = (
			);
			dependencies = (
			);
			name = "BMD-X";
			productName = "BMD-X";
			productReference = AAC94DA514C6EE0200407CF4 /* BMD-X.app */;
			productType = "com.apple.product-type.application";
		};
/* End PBXNativeTarget section */

/* Begin PBXProject section */
		AAC94D9C14C6EE0200407CF4 /* Project object */ = {
			isa = PBXProject;
			buildConfigurationList = AAC94D9F14C6EE0200407CF4 /* Build configuration list for PBXProject "BMD-X" */;
			compatibilityVersion = "Xcode 3.2";
			developmentRegion = English;
			hasScannedForEncodings = 0;
			knownRegions = (
				en,
			);
			mainGroup = AAC94D9A14C6EE0200407CF4;
			productRefGroup = AAC94DA614C6EE0200407CF4 /* Products */;
			projectDirPath = "";
			projectRoot = "";
			targets = (
				AAC94DA414C6EE0200407CF4 /* BMD-X */,
				AA2C7CE314EBE3CC00856729 /* Disk Image */,
			);
		};
/* End PBXProject section */

/* Begin PBXResourcesBuildPhase section */
		AAC94DA314C6EE0200407CF4 /* Resources */ = {
			isa = PBXResourcesBuildPhase;
			buildActionMask = 2147483647;
			files = (
				AAC94DB414C6EE0200407CF4 /* InfoPlist.strings in Resources */,
				AAC94DBA14C6EE0200407CF4 /* Credits.rtf in Resources */,
				AAC94DC014C6EE0200407CF4 /* BMDDocument.xib in Resources */,
				AAC94DC314C6EE0200407CF4 /* MainMenu.xib in Resources */,
				AA2B1BE314D262FD00FB6ECB /* BMDDIST.TXT in Resources */,
				AA2B1BE414D262FD00FB6ECB /* BMDDIST2.TXT in Resources */,
				AA2B1BE514D262FD00FB6ECB /* BMDNAME.TXT in Resources */,
				AA2B1BE714D262FD00FB6ECB /* BMDDISTOLD.TXT in Resources */,
				AA2B1BE814D262FD00FB6ECB /* BMDDIST2OLD.TXT in Resources */,
				AA2B1BEA14D262FD00FB6ECB /* BMDNAMEOLD.TXT in Resources */,
				AA2C7CDD14EBD3E600856729 /* Rakefile in Resources */,
				AA2C7CE014EBD4CF00856729 /* Gemfile in Resources */,
				AA2C7CE214EBE3B300856729 /* icon.png in Resources */,
				AA2C7CEB14EBE57800856729 /* iconPack.icns in Resources */,
				AA8DE5F814EBE9CC00C46806 /* BMD-X.dmg in Resources */,
			);
			runOnlyForDeploymentPostprocessing = 0;
		};
/* End PBXResourcesBuildPhase section */

/* Begin PBXShellScriptBuildPhase section */
		AA2C7CE714EBE3D400856729 /* ShellScript */ = {
			isa = PBXShellScriptBuildPhase;
			buildActionMask = 2147483647;
			files = (
			);
			inputPaths = (
			);
			outputPaths = (
			);
			runOnlyForDeploymentPostprocessing = 0;
			shellPath = /bin/sh;
			shellScript = "cd {$SRC_ROOT}\nrake dmg";
		};
/* End PBXShellScriptBuildPhase section */

/* Begin PBXSourcesBuildPhase section */
		AAC94DA114C6EE0200407CF4 /* Sources */ = {
			isa = PBXSourcesBuildPhase;
			buildActionMask = 2147483647;
			files = (
				AAC94DB714C6EE0200407CF4 /* main.m in Sources */,
				AAC94DBD14C6EE0200407CF4 /* BMDDocument.m in Sources */,
				AAF3D28214EACB5E001DB689 /* SpoiledTextField.m in Sources */,
				AAF3D29814EB67F8001DB689 /* NoSpaceTextField.m in Sources */,
			);
			runOnlyForDeploymentPostprocessing = 0;
		};
/* End PBXSourcesBuildPhase section */

/* Begin PBXTargetDependency section */
		AA2C7CE914EBE40000856729 /* PBXTargetDependency */ = {
			isa = PBXTargetDependency;
			target = AAC94DA414C6EE0200407CF4 /* BMD-X */;
			targetProxy = AA2C7CE814EBE40000856729 /* PBXContainerItemProxy */;
		};
/* End PBXTargetDependency section */

/* Begin PBXVariantGroup section */
		AAC94DB214C6EE0200407CF4 /* InfoPlist.strings */ = {
			isa = PBXVariantGroup;
			children = (
				AAC94DB314C6EE0200407CF4 /* en */,
			);
			name = InfoPlist.strings;
			sourceTree = "<group>";
		};
		AAC94DB814C6EE0200407CF4 /* Credits.rtf */ = {
			isa = PBXVariantGroup;
			children = (
				AAC94DB914C6EE0200407CF4 /* en */,
			);
			name = Credits.rtf;
			sourceTree = "<group>";
		};
		AAC94DBE14C6EE0200407CF4 /* BMDDocument.xib */ = {
			isa = PBXVariantGroup;
			children = (
				AAC94DBF14C6EE0200407CF4 /* en */,
			);
			name = BMDDocument.xib;
			sourceTree = "<group>";
		};
		AAC94DC114C6EE0200407CF4 /* MainMenu.xib */ = {
			isa = PBXVariantGroup;
			children = (
				AAC94DC214C6EE0200407CF4 /* en */,
			);
			name = MainMenu.xib;
			sourceTree = "<group>";
		};
/* End PBXVariantGroup section */

/* Begin XCBuildConfiguration section */
		AA2C7CE514EBE3CD00856729 /* Debug */ = {
			isa = XCBuildConfiguration;
			buildSettings = {
				PRODUCT_NAME = "$(TARGET_NAME)";
			};
			name = Debug;
		};
		AA2C7CE614EBE3CD00856729 /* Release */ = {
			isa = XCBuildConfiguration;
			buildSettings = {
				PRODUCT_NAME = "$(TARGET_NAME)";
			};
			name = Release;
		};
		AAC94DC414C6EE0200407CF4 /* Debug */ = {
			isa = XCBuildConfiguration;
			buildSettings = {
				ARCHS = "$(ARCHS_STANDARD_32_64_BIT)";
				GCC_C_LANGUAGE_STANDARD = gnu99;
				GCC_OPTIMIZATION_LEVEL = 0;
				GCC_PREPROCESSOR_DEFINITIONS = DEBUG;
				GCC_SYMBOLS_PRIVATE_EXTERN = NO;
				GCC_VERSION = com.apple.compilers.llvm.clang.1_0;
				GCC_WARN_64_TO_32_BIT_CONVERSION = YES;
				GCC_WARN_ABOUT_RETURN_TYPE = YES;
				GCC_WARN_UNUSED_VARIABLE = YES;
				MACOSX_DEPLOYMENT_TARGET = 10.6;
				ONLY_ACTIVE_ARCH = YES;
				SDKROOT = macosx;
			};
			name = Debug;
		};
		AAC94DC514C6EE0200407CF4 /* Release */ = {
			isa = XCBuildConfiguration;
			buildSettings = {
				ARCHS = "$(ARCHS_STANDARD_32_64_BIT)";
				GCC_C_LANGUAGE_STANDARD = gnu99;
				GCC_VERSION = com.apple.compilers.llvm.clang.1_0;
				GCC_WARN_64_TO_32_BIT_CONVERSION = YES;
				GCC_WARN_ABOUT_RETURN_TYPE = YES;
				GCC_WARN_UNUSED_VARIABLE = YES;
				MACOSX_DEPLOYMENT_TARGET = 10.6;
				SDKROOT = macosx;
			};
			name = Release;
		};
		AAC94DC714C6EE0200407CF4 /* Debug */ = {
			isa = XCBuildConfiguration;
			buildSettings = {
				ALWAYS_SEARCH_USER_PATHS = NO;
				COPY_PHASE_STRIP = NO;
				GCC_DYNAMIC_NO_PIC = NO;
				GCC_ENABLE_OBJC_EXCEPTIONS = YES;
				GCC_PRECOMPILE_PREFIX_HEADER = YES;
				GCC_PREFIX_HEADER = "BMD-X/BMD-X-Prefix.pch";
				INFOPLIST_FILE = "BMD-X/BMD-X-Info.plist";
				PRODUCT_NAME = "$(TARGET_NAME)";
				WRAPPER_EXTENSION = app;
			};
			name = Debug;
		};
		AAC94DC814C6EE0200407CF4 /* Release */ = {
			isa = XCBuildConfiguration;
			buildSettings = {
				ALWAYS_SEARCH_USER_PATHS = NO;
				COPY_PHASE_STRIP = YES;
				DEBUG_INFORMATION_FORMAT = "dwarf-with-dsym";
				GCC_ENABLE_OBJC_EXCEPTIONS = YES;
				GCC_PRECOMPILE_PREFIX_HEADER = YES;
				GCC_PREFIX_HEADER = "BMD-X/BMD-X-Prefix.pch";
				INFOPLIST_FILE = "BMD-X/BMD-X-Info.plist";
				PRODUCT_NAME = "$(TARGET_NAME)";
				WRAPPER_EXTENSION = app;
			};
			name = Release;
		};
/* End XCBuildConfiguration section */

/* Begin XCConfigurationList section */
		AA2C7CE414EBE3CD00856729 /* Build configuration list for PBXAggregateTarget "Disk Image" */ = {
			isa = XCConfigurationList;
			buildConfigurations = (
				AA2C7CE514EBE3CD00856729 /* Debug */,
				AA2C7CE614EBE3CD00856729 /* Release */,
			);
			defaultConfigurationIsVisible = 0;
			defaultConfigurationName = Release;
		};
		AAC94D9F14C6EE0200407CF4 /* Build configuration list for PBXProject "BMD-X" */ = {
			isa = XCConfigurationList;
			buildConfigurations = (
				AAC94DC414C6EE0200407CF4 /* Debug */,
				AAC94DC514C6EE0200407CF4 /* Release */,
			);
			defaultConfigurationIsVisible = 0;
			defaultConfigurationName = Release;
		};
		AAC94DC614C6EE0200407CF4 /* Build configuration list for PBXNativeTarget "BMD-X" */ = {
			isa = XCConfigurationList;
			buildConfigurations = (
				AAC94DC714C6EE0200407CF4 /* Debug */,
				AAC94DC814C6EE0200407CF4 /* Release */,
			);
			defaultConfigurationIsVisible = 0;
			defaultConfigurationName = Release;
		};
/* End XCConfigurationList section */
	};
	rootObject = AAC94D9C14C6EE0200407CF4 /* Project object */;
}
