// !$*UTF8*$!
{
	archiveVersion = 1;
	classes = {
	};
	objectVersion = 46;
	objects = {

/* Begin PBXAggregateTarget section */
		AA2C7CE314EBE3CC00856729 /* Disk Image */ = {
			isa = PBXAggregateTarget;
			buildConfigurationList = AA2C7CE414EBE3CD00856729 /* Build configuration list for PBXAggregateTarget "Disk Image" */;
			buildPhases = (
				AA2C7CE714EBE3D400856729 /* ShellScript */,
			);
			dependencies = (
				AAABB155151C27BA006CA4E4 /* PBXTargetDependency */,
			);
			name = "Disk Image";
			productName = "Disk Image";
		};
		AA541B1B150BE51500073D47 /* Database Seed */ = {
			isa = PBXAggregateTarget;
			buildConfigurationList = AA541B1C150BE51500073D47 /* Build configuration list for PBXAggregateTarget "Database Seed" */;
			buildPhases = (
				AA541B1F150BE51900073D47 /* scrape district page */,
			);
			dependencies = (
			);
			name = "Database Seed";
			productName = "Database Seed";
		};
/* End PBXAggregateTarget section */

/* Begin PBXBuildFile section */
		AA266FF016F815EE004D6E5D /* Newicon.icns in Resources */ = {isa = PBXBuildFile; fileRef = AA266FEF16F815EE004D6E5D /* Newicon.icns */; };
		AA27117A14EDF67A00653874 /* FormatType.m in Sources */ = {isa = PBXBuildFile; fileRef = AA27117914EDF67A00653874 /* FormatType.m */; };
		AA2B1BE514D262FD00FB6ECB /* BMDNAME.TXT in Resources */ = {isa = PBXBuildFile; fileRef = AA2B1BDC14D262FD00FB6ECB /* BMDNAME.TXT */; };
		AA2E175F15514D7F0031A657 /* NoSpaceTextField.m in Sources */ = {isa = PBXBuildFile; fileRef = AA2E175E15514D7F0031A657 /* NoSpaceTextField.m */; };
		AA2E176215514E570031A657 /* CAutoTextField.m in Sources */ = {isa = PBXBuildFile; fileRef = AA2E176115514E570031A657 /* CAutoTextField.m */; };
		AA541B48150C3FC800073D47 /* AppDelegate.m in Sources */ = {isa = PBXBuildFile; fileRef = AA541B47150C3FC800073D47 /* AppDelegate.m */; };
		AA541B4F150C45D700073D47 /* CQuaterMonth.m in Sources */ = {isa = PBXBuildFile; fileRef = AA541B4E150C45D600073D47 /* CQuaterMonth.m */; };
		AA541B56150D9CD300073D47 /* CNoSpaceAutoTextField.m in Sources */ = {isa = PBXBuildFile; fileRef = AA541B55150D9CD100073D47 /* CNoSpaceAutoTextField.m */; };
		AA632DD3150EEC4900E05721 /* CLineItem.m in Sources */ = {isa = PBXBuildFile; fileRef = AA632DD2150EEC4900E05721 /* CLineItem.m */; };
		AAABB11915169B34006CA4E4 /* CFieldJumper.m in Sources */ = {isa = PBXBuildFile; fileRef = AAABB11815169B34006CA4E4 /* CFieldJumper.m */; };
		AAABB121151A00E0006CA4E4 /* RecordType.m in Sources */ = {isa = PBXBuildFile; fileRef = AAABB120151A00E0006CA4E4 /* RecordType.m */; };
		AAC94DAA14C6EE0200407CF4 /* Cocoa.framework in Frameworks */ = {isa = PBXBuildFile; fileRef = AAC94DA914C6EE0200407CF4 /* Cocoa.framework */; };
		AAC94DB414C6EE0200407CF4 /* InfoPlist.strings in Resources */ = {isa = PBXBuildFile; fileRef = AAC94DB214C6EE0200407CF4 /* InfoPlist.strings */; };
		AAC94DB714C6EE0200407CF4 /* main.m in Sources */ = {isa = PBXBuildFile; fileRef = AAC94DB614C6EE0200407CF4 /* main.m */; };
		AAC94DBD14C6EE0200407CF4 /* BMDDocument.m in Sources */ = {isa = PBXBuildFile; fileRef = AAC94DBC14C6EE0200407CF4 /* BMDDocument.m */; };
		AAC94DC014C6EE0200407CF4 /* BMDDocument.xib in Resources */ = {isa = PBXBuildFile; fileRef = AAC94DBE14C6EE0200407CF4 /* BMDDocument.xib */; };
		AAC94DC314C6EE0200407CF4 /* MainMenu.xib in Resources */ = {isa = PBXBuildFile; fileRef = AAC94DC114C6EE0200407CF4 /* MainMenu.xib */; };
		AADCAB1816304B8600179490 /* town_data_seed.txt in Resources */ = {isa = PBXBuildFile; fileRef = AADCAB1716304B8600179490 /* town_data_seed.txt */; };
		AADEB3A015C023A500AC9ACD /* bmd_town_dump.txt in Resources */ = {isa = PBXBuildFile; fileRef = AADEB39F15C023A500AC9ACD /* bmd_town_dump.txt */; };
		AAF3D28214EACB5E001DB689 /* SpoiledTextField.m in Sources */ = {isa = PBXBuildFile; fileRef = AAF3D28114EACB5E001DB689 /* SpoiledTextField.m */; };
/* End PBXBuildFile section */

/* Begin PBXContainerItemProxy section */
		AAABB154151C27BA006CA4E4 /* PBXContainerItemProxy */ = {
			isa = PBXContainerItemProxy;
			containerPortal = AAC94D9C14C6EE0200407CF4 /* Project object */;
			proxyType = 1;
			remoteGlobalIDString = AAC94DA414C6EE0200407CF4;
			remoteInfo = "BMD-X";
		};
/* End PBXContainerItemProxy section */

/* Begin PBXFileReference section */
		AA266FEF16F815EE004D6E5D /* Newicon.icns */ = {isa = PBXFileReference; lastKnownFileType = image.icns; path = Newicon.icns; sourceTree = "<group>"; };
		AA27117814EDF67A00653874 /* FormatType.h */ = {isa = PBXFileReference; fileEncoding = 4; lastKnownFileType = sourcecode.c.h; path = FormatType.h; sourceTree = "<group>"; };
		AA27117914EDF67A00653874 /* FormatType.m */ = {isa = PBXFileReference; fileEncoding = 4; lastKnownFileType = sourcecode.c.objc; path = FormatType.m; sourceTree = "<group>"; };
		AA2B1BDA14D262FD00FB6ECB /* BMDDIST.TXT */ = {isa = PBXFileReference; fileEncoding = 4; lastKnownFileType = text; path = BMDDIST.TXT; sourceTree = "<group>"; };
		AA2B1BDB14D262FD00FB6ECB /* BMDDIST2.TXT */ = {isa = PBXFileReference; fileEncoding = 4; lastKnownFileType = text; path = BMDDIST2.TXT; sourceTree = "<group>"; };
		AA2B1BDC14D262FD00FB6ECB /* BMDNAME.TXT */ = {isa = PBXFileReference; fileEncoding = 4; lastKnownFileType = text; path = BMDNAME.TXT; sourceTree = "<group>"; };
		AA2B1BDF14D262FD00FB6ECB /* BMDDISTOLD.TXT */ = {isa = PBXFileReference; fileEncoding = 4; lastKnownFileType = text; path = BMDDISTOLD.TXT; sourceTree = "<group>"; };
		AA2B1BE014D262FD00FB6ECB /* BMDDIST2OLD.TXT */ = {isa = PBXFileReference; fileEncoding = 4; lastKnownFileType = text; path = BMDDIST2OLD.TXT; sourceTree = "<group>"; };
		AA2B1BE214D262FD00FB6ECB /* BMDNAMEOLD.TXT */ = {isa = PBXFileReference; fileEncoding = 4; lastKnownFileType = text; path = BMDNAMEOLD.TXT; sourceTree = "<group>"; };
		AA2C7CDC14EBD3E600856729 /* Rakefile */ = {isa = PBXFileReference; fileEncoding = 4; lastKnownFileType = text; path = Rakefile; sourceTree = SOURCE_ROOT; };
		AA2C7CDF14EBD4CF00856729 /* Gemfile */ = {isa = PBXFileReference; fileEncoding = 4; lastKnownFileType = text; path = Gemfile; sourceTree = SOURCE_ROOT; };
		AA2C7CE114EBE3B300856729 /* icon.png */ = {isa = PBXFileReference; lastKnownFileType = image.png; name = icon.png; path = ../icon.png; sourceTree = "<group>"; };
		AA2E175D15514D7F0031A657 /* NoSpaceTextField.h */ = {isa = PBXFileReference; fileEncoding = 4; lastKnownFileType = sourcecode.c.h; path = NoSpaceTextField.h; sourceTree = "<group>"; };
		AA2E175E15514D7F0031A657 /* NoSpaceTextField.m */ = {isa = PBXFileReference; fileEncoding = 4; lastKnownFileType = sourcecode.c.objc; path = NoSpaceTextField.m; sourceTree = "<group>"; };
		AA2E176015514E570031A657 /* CAutoTextField.h */ = {isa = PBXFileReference; fileEncoding = 4; lastKnownFileType = sourcecode.c.h; path = CAutoTextField.h; sourceTree = "<group>"; };
		AA2E176115514E570031A657 /* CAutoTextField.m */ = {isa = PBXFileReference; fileEncoding = 4; lastKnownFileType = sourcecode.c.objc; path = CAutoTextField.m; sourceTree = "<group>"; };
		AA541B20150BEC6500073D47 /* do_seed_database.rb */ = {isa = PBXFileReference; fileEncoding = 4; lastKnownFileType = text.script.ruby; path = do_seed_database.rb; sourceTree = "<group>"; };
		AA541B22150C0DA500073D47 /* Gemfile */ = {isa = PBXFileReference; lastKnownFileType = text; path = Gemfile; sourceTree = SOURCE_ROOT; };
		AA541B46150C3FC800073D47 /* AppDelegate.h */ = {isa = PBXFileReference; fileEncoding = 4; lastKnownFileType = sourcecode.c.h; path = AppDelegate.h; sourceTree = "<group>"; };
		AA541B47150C3FC800073D47 /* AppDelegate.m */ = {isa = PBXFileReference; fileEncoding = 4; lastKnownFileType = sourcecode.c.objc; path = AppDelegate.m; sourceTree = "<group>"; };
		AA541B4D150C45D600073D47 /* CQuaterMonth.h */ = {isa = PBXFileReference; fileEncoding = 4; lastKnownFileType = sourcecode.c.h; path = CQuaterMonth.h; sourceTree = "<group>"; };
		AA541B4E150C45D600073D47 /* CQuaterMonth.m */ = {isa = PBXFileReference; fileEncoding = 4; lastKnownFileType = sourcecode.c.objc; path = CQuaterMonth.m; sourceTree = "<group>"; };
		AA541B54150D9CD000073D47 /* CNoSpaceAutoTextField.h */ = {isa = PBXFileReference; fileEncoding = 4; lastKnownFileType = sourcecode.c.h; path = CNoSpaceAutoTextField.h; sourceTree = "<group>"; };
		AA541B55150D9CD100073D47 /* CNoSpaceAutoTextField.m */ = {isa = PBXFileReference; fileEncoding = 4; lastKnownFileType = sourcecode.c.objc; path = CNoSpaceAutoTextField.m; sourceTree = "<group>"; };
		AA632DD1150EEC4900E05721 /* CLineItem.h */ = {isa = PBXFileReference; fileEncoding = 4; lastKnownFileType = sourcecode.c.h; path = CLineItem.h; sourceTree = "<group>"; };
		AA632DD2150EEC4900E05721 /* CLineItem.m */ = {isa = PBXFileReference; fileEncoding = 4; lastKnownFileType = sourcecode.c.objc; path = CLineItem.m; sourceTree = "<group>"; };
		AA8DE5F714EBE9CC00C46806 /* BMD-X.dmg */ = {isa = PBXFileReference; lastKnownFileType = file; path = "BMD-X.dmg"; sourceTree = "<group>"; };
		AAABB11715169B34006CA4E4 /* CFieldJumper.h */ = {isa = PBXFileReference; fileEncoding = 4; lastKnownFileType = sourcecode.c.h; path = CFieldJumper.h; sourceTree = "<group>"; };
		AAABB11815169B34006CA4E4 /* CFieldJumper.m */ = {isa = PBXFileReference; fileEncoding = 4; lastKnownFileType = sourcecode.c.objc; path = CFieldJumper.m; sourceTree = "<group>"; };
		AAABB11F151A00E0006CA4E4 /* RecordType.h */ = {isa = PBXFileReference; fileEncoding = 4; lastKnownFileType = sourcecode.c.h; path = RecordType.h; sourceTree = "<group>"; };
		AAABB120151A00E0006CA4E4 /* RecordType.m */ = {isa = PBXFileReference; fileEncoding = 4; lastKnownFileType = sourcecode.c.objc; path = RecordType.m; sourceTree = "<group>"; };
		AAC94DA514C6EE0200407CF4 /* BMD-X.app */ = {isa = PBXFileReference; explicitFileType = wrapper.application; includeInIndex = 0; name = "BMD-X.app"; path = "MacBMD-X.app"; sourceTree = BUILT_PRODUCTS_DIR; };
		AAC94DA914C6EE0200407CF4 /* Cocoa.framework */ = {isa = PBXFileReference; lastKnownFileType = wrapper.framework; name = Cocoa.framework; path = System/Library/Frameworks/Cocoa.framework; sourceTree = SDKROOT; };
		AAC94DAC14C6EE0200407CF4 /* AppKit.framework */ = {isa = PBXFileReference; lastKnownFileType = wrapper.framework; name = AppKit.framework; path = System/Library/Frameworks/AppKit.framework; sourceTree = SDKROOT; };
		AAC94DAD14C6EE0200407CF4 /* CoreData.framework */ = {isa = PBXFileReference; lastKnownFileType = wrapper.framework; name = CoreData.framework; path = System/Library/Frameworks/CoreData.framework; sourceTree = SDKROOT; };
		AAC94DAE14C6EE0200407CF4 /* Foundation.framework */ = {isa = PBXFileReference; lastKnownFileType = wrapper.framework; name = Foundation.framework; path = System/Library/Frameworks/Foundation.framework; sourceTree = SDKROOT; };
		AAC94DB114C6EE0200407CF4 /* BMD-X-Info.plist */ = {isa = PBXFileReference; lastKnownFileType = text.plist.xml; path = "BMD-X-Info.plist"; sourceTree = "<group>"; };
		AAC94DB314C6EE0200407CF4 /* en */ = {isa = PBXFileReference; lastKnownFileType = text.plist.strings; name = en; path = en.lproj/InfoPlist.strings; sourceTree = "<group>"; };
		AAC94DB514C6EE0200407CF4 /* BMD-X-Prefix.pch */ = {isa = PBXFileReference; lastKnownFileType = sourcecode.c.h; path = "BMD-X-Prefix.pch"; sourceTree = "<group>"; };
		AAC94DB614C6EE0200407CF4 /* main.m */ = {isa = PBXFileReference; lastKnownFileType = sourcecode.c.objc; path = main.m; sourceTree = "<group>"; };
		AAC94DB914C6EE0200407CF4 /* en */ = {isa = PBXFileReference; lastKnownFileType = text.rtf; name = en; path = en.lproj/Credits.rtf; sourceTree = "<group>"; };
		AAC94DBB14C6EE0200407CF4 /* BMDDocument.h */ = {isa = PBXFileReference; lastKnownFileType = sourcecode.c.h; path = BMDDocument.h; sourceTree = "<group>"; };
		AAC94DBC14C6EE0200407CF4 /* BMDDocument.m */ = {isa = PBXFileReference; lastKnownFileType = sourcecode.c.objc; path = BMDDocument.m; sourceTree = "<group>"; };
		AAC94DBF14C6EE0200407CF4 /* en */ = {isa = PBXFileReference; lastKnownFileType = file.xib; name = en; path = en.lproj/BMDDocument.xib; sourceTree = "<group>"; };
		AAC94DC214C6EE0200407CF4 /* en */ = {isa = PBXFileReference; lastKnownFileType = file.xib; name = en; path = en.lproj/MainMenu.xib; sourceTree = "<group>"; };
		AADCAB1716304B8600179490 /* town_data_seed.txt */ = {isa = PBXFileReference; fileEncoding = 4; lastKnownFileType = text; path = town_data_seed.txt; sourceTree = "<group>"; };
		AADEB39F15C023A500AC9ACD /* bmd_town_dump.txt */ = {isa = PBXFileReference; lastKnownFileType = text; path = bmd_town_dump.txt; sourceTree = "<group>"; };
		AAF3D28014EACB5E001DB689 /* SpoiledTextField.h */ = {isa = PBXFileReference; fileEncoding = 4; lastKnownFileType = sourcecode.c.h; path = SpoiledTextField.h; sourceTree = "<group>"; };
		AAF3D28114EACB5E001DB689 /* SpoiledTextField.m */ = {isa = PBXFileReference; fileEncoding = 4; lastKnownFileType = sourcecode.c.objc; path = SpoiledTextField.m; sourceTree = "<group>"; };
/* End PBXFileReference section */

/* Begin PBXFrameworksBuildPhase section */
		AAC94DA214C6EE0200407CF4 /* Frameworks */ = {
			isa = PBXFrameworksBuildPhase;
			buildActionMask = 2147483647;
			files = (
				AAC94DAA14C6EE0200407CF4 /* Cocoa.framework in Frameworks */,
			);
			runOnlyForDeploymentPostprocessing = 0;
		};
/* End PBXFrameworksBuildPhase section */

/* Begin PBXGroup section */
		AA2B1BD914D262FD00FB6ECB /* MacBMD Data */ = {
			isa = PBXGroup;
			children = (
				AA2B1BDA14D262FD00FB6ECB /* BMDDIST.TXT */,
				AA2B1BDB14D262FD00FB6ECB /* BMDDIST2.TXT */,
				AA2B1BDC14D262FD00FB6ECB /* BMDNAME.TXT */,
				AA2B1BDE14D262FD00FB6ECB /* old */,
			);
			path = "MacBMD Data";
			sourceTree = "<group>";
		};
		AA2B1BDE14D262FD00FB6ECB /* old */ = {
			isa = PBXGroup;
			children = (
				AA2B1BDF14D262FD00FB6ECB /* BMDDISTOLD.TXT */,
				AA2B1BE014D262FD00FB6ECB /* BMDDIST2OLD.TXT */,
				AA2B1BE214D262FD00FB6ECB /* BMDNAMEOLD.TXT */,
			);
			path = old;
			sourceTree = "<group>";
		};
		AA8DE5F514EBE9CC00C46806 /* appcast */ = {
			isa = PBXGroup;
			children = (
				AA8DE5F614EBE9CC00C46806 /* build */,
			);
			path = appcast;
			sourceTree = SOURCE_ROOT;
		};
		AA8DE5F614EBE9CC00C46806 /* build */ = {
			isa = PBXGroup;
			children = (
				AA8DE5F714EBE9CC00C46806 /* BMD-X.dmg */,
			);
			path = build;
			sourceTree = "<group>";
		};
		AAC94D9A14C6EE0200407CF4 = {
			isa = PBXGroup;
			children = (
				AA266FEF16F815EE004D6E5D /* Newicon.icns */,
				AAC94DAF14C6EE0200407CF4 /* BMD-X */,
				AAC94DA814C6EE0200407CF4 /* Frameworks */,
				AAC94DA614C6EE0200407CF4 /* Products */,
			);
			sourceTree = "<group>";
		};
		AAC94DA614C6EE0200407CF4 /* Products */ = {
			isa = PBXGroup;
			children = (
				AAC94DA514C6EE0200407CF4 /* BMD-X.app */,
			);
			name = Products;
			sourceTree = "<group>";
		};
		AAC94DA814C6EE0200407CF4 /* Frameworks */ = {
			isa = PBXGroup;
			children = (
				AAC94DA914C6EE0200407CF4 /* Cocoa.framework */,
				AAC94DAB14C6EE0200407CF4 /* Other Frameworks */,
			);
			name = Frameworks;
			sourceTree = "<group>";
		};
		AAC94DAB14C6EE0200407CF4 /* Other Frameworks */ = {
			isa = PBXGroup;
			children = (
				AAC94DAC14C6EE0200407CF4 /* AppKit.framework */,
				AAC94DAD14C6EE0200407CF4 /* CoreData.framework */,
				AAC94DAE14C6EE0200407CF4 /* Foundation.framework */,
			);
			name = "Other Frameworks";
			sourceTree = "<group>";
		};
		AAC94DAF14C6EE0200407CF4 /* BMD-X */ = {
			isa = PBXGroup;
			children = (
				AA541B46150C3FC800073D47 /* AppDelegate.h */,
				AA541B47150C3FC800073D47 /* AppDelegate.m */,
				AAC94DBB14C6EE0200407CF4 /* BMDDocument.h */,
				AAC94DBC14C6EE0200407CF4 /* BMDDocument.m */,
				AAC94DBE14C6EE0200407CF4 /* BMDDocument.xib */,
				AAABB11815169B34006CA4E4 /* CFieldJumper.m */,
				AAABB11715169B34006CA4E4 /* CFieldJumper.h */,
				AA632DD1150EEC4900E05721 /* CLineItem.h */,
				AA632DD2150EEC4900E05721 /* CLineItem.m */,
				AA2E176115514E570031A657 /* CAutoTextField.m */,
				AA541B55150D9CD100073D47 /* CNoSpaceAutoTextField.m */,
				AA2E175D15514D7F0031A657 /* NoSpaceTextField.h */,
				AAF3D28114EACB5E001DB689 /* SpoiledTextField.m */,
				AA2E176015514E570031A657 /* CAutoTextField.h */,
				AA2E175E15514D7F0031A657 /* NoSpaceTextField.m */,
				AA541B54150D9CD000073D47 /* CNoSpaceAutoTextField.h */,
				AAF3D28014EACB5E001DB689 /* SpoiledTextField.h */,
				AA541B22150C0DA500073D47 /* Gemfile */,
				AAC94DC114C6EE0200407CF4 /* MainMenu.xib */,
				AAC94DB014C6EE0200407CF4 /* Supporting Files */,
				AA27117814EDF67A00653874 /* FormatType.h */,
				AA27117914EDF67A00653874 /* FormatType.m */,
				AAABB11F151A00E0006CA4E4 /* RecordType.h */,
				AAABB120151A00E0006CA4E4 /* RecordType.m */,
				AA541B4D150C45D600073D47 /* CQuaterMonth.h */,
				AA541B4E150C45D600073D47 /* CQuaterMonth.m */,
			);
			path = "BMD-X";
			sourceTree = "<group>";
		};
		AAC94DB014C6EE0200407CF4 /* Supporting Files */ = {
			isa = PBXGroup;
			children = (
				AADEB39F15C023A500AC9ACD /* bmd_town_dump.txt */,
				AA2C7CE114EBE3B300856729 /* icon.png */,
				AA8DE5F514EBE9CC00C46806 /* appcast */,
				AA2C7CDC14EBD3E600856729 /* Rakefile */,
				AA2C7CDF14EBD4CF00856729 /* Gemfile */,
				AA2B1BD914D262FD00FB6ECB /* MacBMD Data */,
				AAC94DB114C6EE0200407CF4 /* BMD-X-Info.plist */,
				AAC94DB214C6EE0200407CF4 /* InfoPlist.strings */,
				AAC94DB514C6EE0200407CF4 /* BMD-X-Prefix.pch */,
				AAC94DB614C6EE0200407CF4 /* main.m */,
				AA541B20150BEC6500073D47 /* do_seed_database.rb */,
				AAC94DB814C6EE0200407CF4 /* Credits.rtf */,
				AADCAB1716304B8600179490 /* town_data_seed.txt */,
			);
			name = "Supporting Files";
			sourceTree = "<group>";
		};
/* End PBXGroup section */

/* Begin PBXNativeTarget section */
		AAC94DA414C6EE0200407CF4 /* MacBMD-X */ = {
			isa = PBXNativeTarget;
			buildConfigurationList = AAC94DC614C6EE0200407CF4 /* Build configuration list for PBXNativeTarget "MacBMD-X" */;
			buildPhases = (
				AAC94DA114C6EE0200407CF4 /* Sources */,
				AAC94DA214C6EE0200407CF4 /* Frameworks */,
				AAC94DA314C6EE0200407CF4 /* Resources */,
			);
			buildRules = (
			);
			dependencies = (
			);
			name = "MacBMD-X";
			productName = "BMD-X";
			productReference = AAC94DA514C6EE0200407CF4 /* BMD-X.app */;
			productType = "com.apple.product-type.application";
		};
/* End PBXNativeTarget section */

/* Begin PBXProject section */
		AAC94D9C14C6EE0200407CF4 /* Project object */ = {
			isa = PBXProject;
			attributes = {
				LastUpgradeCheck = 0460;
			};
			buildConfigurationList = AAC94D9F14C6EE0200407CF4 /* Build configuration list for PBXProject "BMD-X" */;
			compatibilityVersion = "Xcode 3.2";
			developmentRegion = English;
			hasScannedForEncodings = 0;
			knownRegions = (
				en,
			);
			mainGroup = AAC94D9A14C6EE0200407CF4;
			productRefGroup = AAC94DA614C6EE0200407CF4 /* Products */;
			projectDirPath = "";
			projectRoot = "";
			targets = (
				AAC94DA414C6EE0200407CF4 /* MacBMD-X */,
				AA2C7CE314EBE3CC00856729 /* Disk Image */,
				AA541B1B150BE51500073D47 /* Database Seed */,
			);
		};
/* End PBXProject section */

/* Begin PBXResourcesBuildPhase section */
		AAC94DA314C6EE0200407CF4 /* Resources */ = {
			isa = PBXResourcesBuildPhase;
			buildActionMask = 2147483647;
			files = (
				AAC94DB414C6EE0200407CF4 /* InfoPlist.strings in Resources */,
				AAC94DC014C6EE0200407CF4 /* BMDDocument.xib in Resources */,
				AAC94DC314C6EE0200407CF4 /* MainMenu.xib in Resources */,
				AA2B1BE514D262FD00FB6ECB /* BMDNAME.TXT in Resources */,
				AADEB3A015C023A500AC9ACD /* bmd_town_dump.txt in Resources */,
				AADCAB1816304B8600179490 /* town_data_seed.txt in Resources */,
				AA266FF016F815EE004D6E5D /* Newicon.icns in Resources */,
			);
			runOnlyForDeploymentPostprocessing = 0;
		};
/* End PBXResourcesBuildPhase section */

/* Begin PBXShellScriptBuildPhase section */
		AA2C7CE714EBE3D400856729 /* ShellScript */ = {
			isa = PBXShellScriptBuildPhase;
			buildActionMask = 2147483647;
			files = (
			);
			inputPaths = (
			);
			outputPaths = (
			);
			runOnlyForDeploymentPostprocessing = 0;
			shellPath = /usr/bin/ruby;
			shellScript = "rake dmg";
		};
		AA541B1F150BE51900073D47 /* scrape district page */ = {
			isa = PBXShellScriptBuildPhase;
			buildActionMask = 2147483647;
			files = (
			);
			inputPaths = (
			);
			name = "scrape district page";
			outputPaths = (
			);
			runOnlyForDeploymentPostprocessing = 0;
			shellPath = /bin/sh;
			shellScript = "cd \"${SRCROOT}/BMD-X/\"\n/usr/bin/ruby \"${SRCROOT}/BMD-X/do_seed_database.rb\"\n\n";
		};
/* End PBXShellScriptBuildPhase section */

/* Begin PBXSourcesBuildPhase section */
		AAC94DA114C6EE0200407CF4 /* Sources */ = {
			isa = PBXSourcesBuildPhase;
			buildActionMask = 2147483647;
			files = (
				AAC94DB714C6EE0200407CF4 /* main.m in Sources */,
				AAC94DBD14C6EE0200407CF4 /* BMDDocument.m in Sources */,
				AAF3D28214EACB5E001DB689 /* SpoiledTextField.m in Sources */,
				AA27117A14EDF67A00653874 /* FormatType.m in Sources */,
				AA541B48150C3FC800073D47 /* AppDelegate.m in Sources */,
				AA541B4F150C45D700073D47 /* CQuaterMonth.m in Sources */,
				AA541B56150D9CD300073D47 /* CNoSpaceAutoTextField.m in Sources */,
				AA632DD3150EEC4900E05721 /* CLineItem.m in Sources */,
				AAABB11915169B34006CA4E4 /* CFieldJumper.m in Sources */,
				AAABB121151A00E0006CA4E4 /* RecordType.m in Sources */,
				AA2E175F15514D7F0031A657 /* NoSpaceTextField.m in Sources */,
				AA2E176215514E570031A657 /* CAutoTextField.m in Sources */,
			);
			runOnlyForDeploymentPostprocessing = 0;
		};
/* End PBXSourcesBuildPhase section */

/* Begin PBXTargetDependency section */
		AAABB155151C27BA006CA4E4 /* PBXTargetDependency */ = {
			isa = PBXTargetDependency;
			target = AAC94DA414C6EE0200407CF4 /* MacBMD-X */;
			targetProxy = AAABB154151C27BA006CA4E4 /* PBXContainerItemProxy */;
		};
/* End PBXTargetDependency section */

/* Begin PBXVariantGroup section */
		AAC94DB214C6EE0200407CF4 /* InfoPlist.strings */ = {
			isa = PBXVariantGroup;
			children = (
				AAC94DB314C6EE0200407CF4 /* en */,
			);
			name = InfoPlist.strings;
			sourceTree = "<group>";
		};
		AAC94DB814C6EE0200407CF4 /* Credits.rtf */ = {
			isa = PBXVariantGroup;
			children = (
				AAC94DB914C6EE0200407CF4 /* en */,
			);
			name = Credits.rtf;
			sourceTree = "<group>";
		};
		AAC94DBE14C6EE0200407CF4 /* BMDDocument.xib */ = {
			isa = PBXVariantGroup;
			children = (
				AAC94DBF14C6EE0200407CF4 /* en */,
			);
			name = BMDDocument.xib;
			sourceTree = "<group>";
		};
		AAC94DC114C6EE0200407CF4 /* MainMenu.xib */ = {
			isa = PBXVariantGroup;
			children = (
				AAC94DC214C6EE0200407CF4 /* en */,
			);
			name = MainMenu.xib;
			sourceTree = "<group>";
		};
/* End PBXVariantGroup section */

/* Begin XCBuildConfiguration section */
		AA2C7CE514EBE3CD00856729 /* Debug */ = {
			isa = XCBuildConfiguration;
			buildSettings = {
				COMBINE_HIDPI_IMAGES = YES;
				PRODUCT_NAME = "$(TARGET_NAME)";
			};
			name = Debug;
		};
		AA2C7CE614EBE3CD00856729 /* Release */ = {
			isa = XCBuildConfiguration;
			buildSettings = {
				COMBINE_HIDPI_IMAGES = YES;
				PRODUCT_NAME = "$(TARGET_NAME)";
			};
			name = Release;
		};
		AA541B1D150BE51500073D47 /* Debug */ = {
			isa = XCBuildConfiguration;
			buildSettings = {
				COMBINE_HIDPI_IMAGES = YES;
				PRODUCT_NAME = "$(TARGET_NAME)";
			};
			name = Debug;
		};
		AA541B1E150BE51500073D47 /* Release */ = {
			isa = XCBuildConfiguration;
			buildSettings = {
				COMBINE_HIDPI_IMAGES = YES;
				PRODUCT_NAME = "$(TARGET_NAME)";
			};
			name = Release;
		};
		AAC94DC414C6EE0200407CF4 /* Debug */ = {
			isa = XCBuildConfiguration;
			buildSettings = {
				ARCHS = "$(ARCHS_STANDARD_32_64_BIT)";
				CLANG_WARN_CONSTANT_CONVERSION = YES;
				CLANG_WARN_ENUM_CONVERSION = YES;
				CLANG_WARN_INT_CONVERSION = YES;
				CLANG_WARN__DUPLICATE_METHOD_MATCH = YES;
				GCC_C_LANGUAGE_STANDARD = gnu99;
				GCC_OPTIMIZATION_LEVEL = 0;
				GCC_PREPROCESSOR_DEFINITIONS = DEBUG;
				GCC_SYMBOLS_PRIVATE_EXTERN = NO;
				GCC_VERSION = com.apple.compilers.llvm.clang.1_0;
				GCC_WARN_64_TO_32_BIT_CONVERSION = YES;
				GCC_WARN_ABOUT_RETURN_TYPE = YES;
				GCC_WARN_UNINITIALIZED_AUTOS = YES;
				GCC_WARN_UNUSED_VARIABLE = YES;
				MACOSX_DEPLOYMENT_TARGET = 10.6;
				ONLY_ACTIVE_ARCH = YES;
				SDKROOT = macosx;
			};
			name = Debug;
		};
		AAC94DC514C6EE0200407CF4 /* Release */ = {
			isa = XCBuildConfiguration;
			buildSettings = {
				ARCHS = "$(ARCHS_STANDARD_32_64_BIT)";
				CLANG_WARN_CONSTANT_CONVERSION = YES;
				CLANG_WARN_ENUM_CONVERSION = YES;
				CLANG_WARN_INT_CONVERSION = YES;
				CLANG_WARN__DUPLICATE_METHOD_MATCH = YES;
				GCC_C_LANGUAGE_STANDARD = gnu99;
				GCC_VERSION = com.apple.compilers.llvm.clang.1_0;
				GCC_WARN_64_TO_32_BIT_CONVERSION = YES;
				GCC_WARN_ABOUT_RETURN_TYPE = YES;
				GCC_WARN_UNINITIALIZED_AUTOS = YES;
				GCC_WARN_UNUSED_VARIABLE = YES;
				MACOSX_DEPLOYMENT_TARGET = 10.6;
				SDKROOT = macosx;
			};
			name = Release;
		};
		AAC94DC714C6EE0200407CF4 /* Debug */ = {
			isa = XCBuildConfiguration;
			buildSettings = {
				ALWAYS_SEARCH_USER_PATHS = NO;
				COMBINE_HIDPI_IMAGES = YES;
				COPY_PHASE_STRIP = NO;
				GCC_DYNAMIC_NO_PIC = NO;
				GCC_ENABLE_OBJC_EXCEPTIONS = YES;
				GCC_PRECOMPILE_PREFIX_HEADER = YES;
				GCC_PREFIX_HEADER = "BMD-X/BMD-X-Prefix.pch";
				INFOPLIST_FILE = "BMD-X/BMD-X-Info.plist";
				PRODUCT_NAME = "$(TARGET_NAME)";
				WRAPPER_EXTENSION = app;
			};
			name = Debug;
		};
		AAC94DC814C6EE0200407CF4 /* Release */ = {
			isa = XCBuildConfiguration;
			buildSettings = {
				ALWAYS_SEARCH_USER_PATHS = NO;
				COMBINE_HIDPI_IMAGES = YES;
				COPY_PHASE_STRIP = YES;
				DEBUG_INFORMATION_FORMAT = "dwarf-with-dsym";
				GCC_ENABLE_OBJC_EXCEPTIONS = YES;
				GCC_PRECOMPILE_PREFIX_HEADER = YES;
				GCC_PREFIX_HEADER = "BMD-X/BMD-X-Prefix.pch";
				INFOPLIST_FILE = "BMD-X/BMD-X-Info.plist";
				PRODUCT_NAME = "$(TARGET_NAME)";
				WRAPPER_EXTENSION = app;
			};
			name = Release;
		};
/* End XCBuildConfiguration section */

/* Begin XCConfigurationList section */
		AA2C7CE414EBE3CD00856729 /* Build configuration list for PBXAggregateTarget "Disk Image" */ = {
			isa = XCConfigurationList;
			buildConfigurations = (
				AA2C7CE514EBE3CD00856729 /* Debug */,
				AA2C7CE614EBE3CD00856729 /* Release */,
			);
			defaultConfigurationIsVisible = 0;
			defaultConfigurationName = Release;
		};
		AA541B1C150BE51500073D47 /* Build configuration list for PBXAggregateTarget "Database Seed" */ = {
			isa = XCConfigurationList;
			buildConfigurations = (
				AA541B1D150BE51500073D47 /* Debug */,
				AA541B1E150BE51500073D47 /* Release */,
			);
			defaultConfigurationIsVisible = 0;
			defaultConfigurationName = Release;
		};
		AAC94D9F14C6EE0200407CF4 /* Build configuration list for PBXProject "BMD-X" */ = {
			isa = XCConfigurationList;
			buildConfigurations = (
				AAC94DC414C6EE0200407CF4 /* Debug */,
				AAC94DC514C6EE0200407CF4 /* Release */,
			);
			defaultConfigurationIsVisible = 0;
			defaultConfigurationName = Release;
		};
		AAC94DC614C6EE0200407CF4 /* Build configuration list for PBXNativeTarget "MacBMD-X" */ = {
			isa = XCConfigurationList;
			buildConfigurations = (
				AAC94DC714C6EE0200407CF4 /* Debug */,
				AAC94DC814C6EE0200407CF4 /* Release */,
			);
			defaultConfigurationIsVisible = 0;
			defaultConfigurationName = Release;
		};
/* End XCConfigurationList section */
	};
	rootObject = AAC94D9C14C6EE0200407CF4 /* Project object */;
}
